// !$*UTF8*$!
{
	archiveVersion = 1;
	classes = {
	};
	objectVersion = 55;
	objects = {

/* Begin PBXBuildFile section */
		C83BEDE32798502F00370AC7 /* AppDelegate.swift in Sources */ = {isa = PBXBuildFile; fileRef = C83BEDE22798502F00370AC7 /* AppDelegate.swift */; };
		C83BEDE52798502F00370AC7 /* DocumentBrowserViewController.swift in Sources */ = {isa = PBXBuildFile; fileRef = C83BEDE42798502F00370AC7 /* DocumentBrowserViewController.swift */; };
		C83BEDE72798502F00370AC7 /* DocumentViewController.swift in Sources */ = {isa = PBXBuildFile; fileRef = C83BEDE62798502F00370AC7 /* DocumentViewController.swift */; };
		C83BEDE92798502F00370AC7 /* Document.swift in Sources */ = {isa = PBXBuildFile; fileRef = C83BEDE82798502F00370AC7 /* Document.swift */; };
		C83BEDEC2798502F00370AC7 /* Main.storyboard in Resources */ = {isa = PBXBuildFile; fileRef = C83BEDEA2798502F00370AC7 /* Main.storyboard */; };
		C83BEDEE2798503200370AC7 /* Assets.xcassets in Resources */ = {isa = PBXBuildFile; fileRef = C83BEDED2798503200370AC7 /* Assets.xcassets */; };
		C83BEDF92798649400370AC7 /* LaunchScreen.storyboard in Resources */ = {isa = PBXBuildFile; fileRef = C83BEDF82798649300370AC7 /* LaunchScreen.storyboard */; };
		C8B6FEA12799723B00CAB319 /* ListEventsViewController.swift in Sources */ = {isa = PBXBuildFile; fileRef = C8B6FEA02799723B00CAB319 /* ListEventsViewController.swift */; };
		C8B6FEA32799727D00CAB319 /* EnterInfoViewController.swift in Sources */ = {isa = PBXBuildFile; fileRef = C8B6FEA22799727D00CAB319 /* EnterInfoViewController.swift */; };
		C8B6FEA5279972B300CAB319 /* AllInfoViewController.swift in Sources */ = {isa = PBXBuildFile; fileRef = C8B6FEA4279972B300CAB319 /* AllInfoViewController.swift */; };
		C8B6FEA72799731000CAB319 /* PersonInfoViewController.swift in Sources */ = {isa = PBXBuildFile; fileRef = C8B6FEA62799731000CAB319 /* PersonInfoViewController.swift */; };
		C8B6FEA92799734100CAB319 /* AddThemesViewController.swift in Sources */ = {isa = PBXBuildFile; fileRef = C8B6FEA82799734100CAB319 /* AddThemesViewController.swift */; };
		C8B6FEAF2799762700CAB319 /* InfoEvents.swift in Sources */ = {isa = PBXBuildFile; fileRef = C8B6FEAE2799762700CAB319 /* InfoEvents.swift */; };
		C8B6FEB42799C18E00CAB319 /* Capitalize.swift in Sources */ = {isa = PBXBuildFile; fileRef = C8B6FEB32799C18E00CAB319 /* Capitalize.swift */; };
/* End PBXBuildFile section */

/* Begin PBXFileReference section */
		C83BEDDF2798502F00370AC7 /* Event's.app */ = {isa = PBXFileReference; explicitFileType = wrapper.application; includeInIndex = 0; path = "Event's.app"; sourceTree = BUILT_PRODUCTS_DIR; };
		C83BEDE22798502F00370AC7 /* AppDelegate.swift */ = {isa = PBXFileReference; lastKnownFileType = sourcecode.swift; path = AppDelegate.swift; sourceTree = "<group>"; };
		C83BEDE42798502F00370AC7 /* DocumentBrowserViewController.swift */ = {isa = PBXFileReference; lastKnownFileType = sourcecode.swift; path = DocumentBrowserViewController.swift; sourceTree = "<group>"; };
		C83BEDE62798502F00370AC7 /* DocumentViewController.swift */ = {isa = PBXFileReference; lastKnownFileType = sourcecode.swift; path = DocumentViewController.swift; sourceTree = "<group>"; };
		C83BEDE82798502F00370AC7 /* Document.swift */ = {isa = PBXFileReference; lastKnownFileType = sourcecode.swift; path = Document.swift; sourceTree = "<group>"; };
		C83BEDEB2798502F00370AC7 /* Base */ = {isa = PBXFileReference; lastKnownFileType = file.storyboard; name = Base; path = Base.lproj/Main.storyboard; sourceTree = "<group>"; };
		C83BEDED2798503200370AC7 /* Assets.xcassets */ = {isa = PBXFileReference; lastKnownFileType = folder.assetcatalog; path = Assets.xcassets; sourceTree = "<group>"; };
		C83BEDF22798503200370AC7 /* Info.plist */ = {isa = PBXFileReference; lastKnownFileType = text.plist.xml; path = Info.plist; sourceTree = "<group>"; };
		C83BEDF82798649300370AC7 /* LaunchScreen.storyboard */ = {isa = PBXFileReference; lastKnownFileType = file.storyboard; path = LaunchScreen.storyboard; sourceTree = "<group>"; };
		C8B6FEA02799723B00CAB319 /* ListEventsViewController.swift */ = {isa = PBXFileReference; lastKnownFileType = sourcecode.swift; path = ListEventsViewController.swift; sourceTree = "<group>"; };
		C8B6FEA22799727D00CAB319 /* EnterInfoViewController.swift */ = {isa = PBXFileReference; lastKnownFileType = sourcecode.swift; path = EnterInfoViewController.swift; sourceTree = "<group>"; };
		C8B6FEA4279972B300CAB319 /* AllInfoViewController.swift */ = {isa = PBXFileReference; lastKnownFileType = sourcecode.swift; path = AllInfoViewController.swift; sourceTree = "<group>"; };
		C8B6FEA62799731000CAB319 /* PersonInfoViewController.swift */ = {isa = PBXFileReference; lastKnownFileType = sourcecode.swift; path = PersonInfoViewController.swift; sourceTree = "<group>"; };
		C8B6FEA82799734100CAB319 /* AddThemesViewController.swift */ = {isa = PBXFileReference; lastKnownFileType = sourcecode.swift; path = AddThemesViewController.swift; sourceTree = "<group>"; };
		C8B6FEAE2799762700CAB319 /* InfoEvents.swift */ = {isa = PBXFileReference; lastKnownFileType = sourcecode.swift; path = InfoEvents.swift; sourceTree = "<group>"; };
		C8B6FEB32799C18E00CAB319 /* Capitalize.swift */ = {isa = PBXFileReference; lastKnownFileType = sourcecode.swift; path = Capitalize.swift; sourceTree = "<group>"; };
/* End PBXFileReference section */

/* Begin PBXFrameworksBuildPhase section */
		C83BEDDC2798502F00370AC7 /* Frameworks */ = {
			isa = PBXFrameworksBuildPhase;
			buildActionMask = 2147483647;
			files = (
			);
			runOnlyForDeploymentPostprocessing = 0;
		};
/* End PBXFrameworksBuildPhase section */

/* Begin PBXGroup section */
		C83BEDD62798502F00370AC7 = {
			isa = PBXGroup;
			children = (
				C83BEDE12798502F00370AC7 /* Event's */,
				C83BEDE02798502F00370AC7 /* Products */,
			);
			sourceTree = "<group>";
		};
		C83BEDE02798502F00370AC7 /* Products */ = {
			isa = PBXGroup;
			children = (
				C83BEDDF2798502F00370AC7 /* Event's.app */,
			);
			name = Products;
			sourceTree = "<group>";
		};
		C83BEDE12798502F00370AC7 /* Event's */ = {
			isa = PBXGroup;
			children = (
				C8B6FEB22799C17500CAB319 /* Extension */,
				C8B6FEAD2799759300CAB319 /* Supporting files */,
				C8B6FEAC2799758C00CAB319 /* Model */,
				C8B6FEAB2799758600CAB319 /* View */,
				C8B6FEAA2799757300CAB319 /* Controller */,
				C83BEDF22798503200370AC7 /* Info.plist */,
			);
			path = "Event's";
			sourceTree = "<group>";
		};
		C8B6FEAA2799757300CAB319 /* Controller */ = {
			isa = PBXGroup;
			children = (
				C8B6FEA02799723B00CAB319 /* ListEventsViewController.swift */,
				C8B6FEA22799727D00CAB319 /* EnterInfoViewController.swift */,
				C8B6FEA4279972B300CAB319 /* AllInfoViewController.swift */,
				C8B6FEA62799731000CAB319 /* PersonInfoViewController.swift */,
				C8B6FEA82799734100CAB319 /* AddThemesViewController.swift */,
			);
			path = Controller;
			sourceTree = "<group>";
		};
		C8B6FEAB2799758600CAB319 /* View */ = {
			isa = PBXGroup;
			children = (
				C83BEDF82798649300370AC7 /* LaunchScreen.storyboard */,
				C83BEDEA2798502F00370AC7 /* Main.storyboard */,
			);
			path = View;
			sourceTree = "<group>";
		};
		C8B6FEAC2799758C00CAB319 /* Model */ = {
			isa = PBXGroup;
			children = (
				C8B6FEAE2799762700CAB319 /* InfoEvents.swift */,
			);
			path = Model;
			sourceTree = "<group>";
		};
		C8B6FEAD2799759300CAB319 /* Supporting files */ = {
			isa = PBXGroup;
			children = (
				C83BEDE62798502F00370AC7 /* DocumentViewController.swift */,
				C83BEDE42798502F00370AC7 /* DocumentBrowserViewController.swift */,
				C83BEDE22798502F00370AC7 /* AppDelegate.swift */,
				C83BEDE82798502F00370AC7 /* Document.swift */,
				C83BEDED2798503200370AC7 /* Assets.xcassets */,
			);
			path = "Supporting files";
			sourceTree = "<group>";
		};
		C8B6FEB22799C17500CAB319 /* Extension */ = {
			isa = PBXGroup;
			children = (
				C8B6FEB32799C18E00CAB319 /* Capitalize.swift */,
			);
			path = Extension;
			sourceTree = "<group>";
		};
/* End PBXGroup section */

/* Begin PBXNativeTarget section */
		C83BEDDE2798502F00370AC7 /* Event's */ = {
			isa = PBXNativeTarget;
			buildConfigurationList = C83BEDF52798503200370AC7 /* Build configuration list for PBXNativeTarget "Event's" */;
			buildPhases = (
				C83BEDDB2798502F00370AC7 /* Sources */,
				C83BEDDC2798502F00370AC7 /* Frameworks */,
				C83BEDDD2798502F00370AC7 /* Resources */,
			);
			buildRules = (
			);
			dependencies = (
			);
			name = "Event's";
			productName = "Event's";
			productReference = C83BEDDF2798502F00370AC7 /* Event's.app */;
			productType = "com.apple.product-type.application";
		};
/* End PBXNativeTarget section */

/* Begin PBXProject section */
		C83BEDD72798502F00370AC7 /* Project object */ = {
			isa = PBXProject;
			attributes = {
				BuildIndependentTargetsInParallel = 1;
				LastSwiftUpdateCheck = 1310;
				LastUpgradeCheck = 1310;
				TargetAttributes = {
					C83BEDDE2798502F00370AC7 = {
						CreatedOnToolsVersion = 13.1;
					};
				};
			};
			buildConfigurationList = C83BEDDA2798502F00370AC7 /* Build configuration list for PBXProject "Event's" */;
			compatibilityVersion = "Xcode 13.0";
			developmentRegion = en;
			hasScannedForEncodings = 0;
			knownRegions = (
				en,
				Base,
			);
			mainGroup = C83BEDD62798502F00370AC7;
			productRefGroup = C83BEDE02798502F00370AC7 /* Products */;
			projectDirPath = "";
			projectRoot = "";
			targets = (
				C83BEDDE2798502F00370AC7 /* Event's */,
			);
		};
/* End PBXProject section */

/* Begin PBXResourcesBuildPhase section */
		C83BEDDD2798502F00370AC7 /* Resources */ = {
			isa = PBXResourcesBuildPhase;
			buildActionMask = 2147483647;
			files = (
				C83BEDF92798649400370AC7 /* LaunchScreen.storyboard in Resources */,
				C83BEDEE2798503200370AC7 /* Assets.xcassets in Resources */,
				C83BEDEC2798502F00370AC7 /* Main.storyboard in Resources */,
			);
			runOnlyForDeploymentPostprocessing = 0;
		};
/* End PBXResourcesBuildPhase section */

/* Begin PBXSourcesBuildPhase section */
		C83BEDDB2798502F00370AC7 /* Sources */ = {
			isa = PBXSourcesBuildPhase;
			buildActionMask = 2147483647;
			files = (
				C8B6FEA5279972B300CAB319 /* AllInfoViewController.swift in Sources */,
				C8B6FEA12799723B00CAB319 /* ListEventsViewController.swift in Sources */,
				C8B6FEA92799734100CAB319 /* AddThemesViewController.swift in Sources */,
				C83BEDE92798502F00370AC7 /* Document.swift in Sources */,
				C8B6FEA72799731000CAB319 /* PersonInfoViewController.swift in Sources */,
				C83BEDE72798502F00370AC7 /* DocumentViewController.swift in Sources */,
				C8B6FEAF2799762700CAB319 /* InfoEvents.swift in Sources */,
				C8B6FEA32799727D00CAB319 /* EnterInfoViewController.swift in Sources */,
				C8B6FEB42799C18E00CAB319 /* Capitalize.swift in Sources */,
				C83BEDE52798502F00370AC7 /* DocumentBrowserViewController.swift in Sources */,
				C83BEDE32798502F00370AC7 /* AppDelegate.swift in Sources */,
			);
			runOnlyForDeploymentPostprocessing = 0;
		};
/* End PBXSourcesBuildPhase section */

/* Begin PBXVariantGroup section */
		C83BEDEA2798502F00370AC7 /* Main.storyboard */ = {
			isa = PBXVariantGroup;
			children = (
				C83BEDEB2798502F00370AC7 /* Base */,
			);
			name = Main.storyboard;
			sourceTree = "<group>";
		};
/* End PBXVariantGroup section */

/* Begin XCBuildConfiguration section */
		C83BEDF32798503200370AC7 /* Debug */ = {
			isa = XCBuildConfiguration;
			buildSettings = {
				ALWAYS_SEARCH_USER_PATHS = NO;
				CLANG_ANALYZER_NONNULL = YES;
				CLANG_ANALYZER_NUMBER_OBJECT_CONVERSION = YES_AGGRESSIVE;
				CLANG_CXX_LANGUAGE_STANDARD = "gnu++17";
				CLANG_CXX_LIBRARY = "libc++";
				CLANG_ENABLE_MODULES = YES;
				CLANG_ENABLE_OBJC_ARC = YES;
				CLANG_ENABLE_OBJC_WEAK = YES;
				CLANG_WARN_BLOCK_CAPTURE_AUTORELEASING = YES;
				CLANG_WARN_BOOL_CONVERSION = YES;
				CLANG_WARN_COMMA = YES;
				CLANG_WARN_CONSTANT_CONVERSION = YES;
				CLANG_WARN_DEPRECATED_OBJC_IMPLEMENTATIONS = YES;
				CLANG_WARN_DIRECT_OBJC_ISA_USAGE = YES_ERROR;
				CLANG_WARN_DOCUMENTATION_COMMENTS = YES;
				CLANG_WARN_EMPTY_BODY = YES;
				CLANG_WARN_ENUM_CONVERSION = YES;
				CLANG_WARN_INFINITE_RECURSION = YES;
				CLANG_WARN_INT_CONVERSION = YES;
				CLANG_WARN_NON_LITERAL_NULL_CONVERSION = YES;
				CLANG_WARN_OBJC_IMPLICIT_RETAIN_SELF = YES;
				CLANG_WARN_OBJC_LITERAL_CONVERSION = YES;
				CLANG_WARN_OBJC_ROOT_CLASS = YES_ERROR;
				CLANG_WARN_QUOTED_INCLUDE_IN_FRAMEWORK_HEADER = YES;
				CLANG_WARN_RANGE_LOOP_ANALYSIS = YES;
				CLANG_WARN_STRICT_PROTOTYPES = YES;
				CLANG_WARN_SUSPICIOUS_MOVE = YES;
				CLANG_WARN_UNGUARDED_AVAILABILITY = YES_AGGRESSIVE;
				CLANG_WARN_UNREACHABLE_CODE = YES;
				CLANG_WARN__DUPLICATE_METHOD_MATCH = YES;
				COPY_PHASE_STRIP = NO;
				DEBUG_INFORMATION_FORMAT = dwarf;
				ENABLE_STRICT_OBJC_MSGSEND = YES;
				ENABLE_TESTABILITY = YES;
				GCC_C_LANGUAGE_STANDARD = gnu11;
				GCC_DYNAMIC_NO_PIC = NO;
				GCC_NO_COMMON_BLOCKS = YES;
				GCC_OPTIMIZATION_LEVEL = 0;
				GCC_PREPROCESSOR_DEFINITIONS = (
					"DEBUG=1",
					"$(inherited)",
				);
				GCC_WARN_64_TO_32_BIT_CONVERSION = YES;
				GCC_WARN_ABOUT_RETURN_TYPE = YES_ERROR;
				GCC_WARN_UNDECLARED_SELECTOR = YES;
				GCC_WARN_UNINITIALIZED_AUTOS = YES_AGGRESSIVE;
				GCC_WARN_UNUSED_FUNCTION = YES;
				GCC_WARN_UNUSED_VARIABLE = YES;
				IPHONEOS_DEPLOYMENT_TARGET = 15.0;
				MTL_ENABLE_DEBUG_INFO = INCLUDE_SOURCE;
				MTL_FAST_MATH = YES;
				ONLY_ACTIVE_ARCH = YES;
				SDKROOT = iphoneos;
				SWIFT_ACTIVE_COMPILATION_CONDITIONS = DEBUG;
				SWIFT_OPTIMIZATION_LEVEL = "-Onone";
			};
			name = Debug;
		};
		C83BEDF42798503200370AC7 /* Release */ = {
			isa = XCBuildConfiguration;
			buildSettings = {
				ALWAYS_SEARCH_USER_PATHS = NO;
				CLANG_ANALYZER_NONNULL = YES;
				CLANG_ANALYZER_NUMBER_OBJECT_CONVERSION = YES_AGGRESSIVE;
				CLANG_CXX_LANGUAGE_STANDARD = "gnu++17";
				CLANG_CXX_LIBRARY = "libc++";
				CLANG_ENABLE_MODULES = YES;
				CLANG_ENABLE_OBJC_ARC = YES;
				CLANG_ENABLE_OBJC_WEAK = YES;
				CLANG_WARN_BLOCK_CAPTURE_AUTORELEASING = YES;
				CLANG_WARN_BOOL_CONVERSION = YES;
				CLANG_WARN_COMMA = YES;
				CLANG_WARN_CONSTANT_CONVERSION = YES;
				CLANG_WARN_DEPRECATED_OBJC_IMPLEMENTATIONS = YES;
				CLANG_WARN_DIRECT_OBJC_ISA_USAGE = YES_ERROR;
				CLANG_WARN_DOCUMENTATION_COMMENTS = YES;
				CLANG_WARN_EMPTY_BODY = YES;
				CLANG_WARN_ENUM_CONVERSION = YES;
				CLANG_WARN_INFINITE_RECURSION = YES;
				CLANG_WARN_INT_CONVERSION = YES;
				CLANG_WARN_NON_LITERAL_NULL_CONVERSION = YES;
				CLANG_WARN_OBJC_IMPLICIT_RETAIN_SELF = YES;
				CLANG_WARN_OBJC_LITERAL_CONVERSION = YES;
				CLANG_WARN_OBJC_ROOT_CLASS = YES_ERROR;
				CLANG_WARN_QUOTED_INCLUDE_IN_FRAMEWORK_HEADER = YES;
				CLANG_WARN_RANGE_LOOP_ANALYSIS = YES;
				CLANG_WARN_STRICT_PROTOTYPES = YES;
				CLANG_WARN_SUSPICIOUS_MOVE = YES;
				CLANG_WARN_UNGUARDED_AVAILABILITY = YES_AGGRESSIVE;
				CLANG_WARN_UNREACHABLE_CODE = YES;
				CLANG_WARN__DUPLICATE_METHOD_MATCH = YES;
				COPY_PHASE_STRIP = NO;
				DEBUG_INFORMATION_FORMAT = "dwarf-with-dsym";
				ENABLE_NS_ASSERTIONS = NO;
				ENABLE_STRICT_OBJC_MSGSEND = YES;
				GCC_C_LANGUAGE_STANDARD = gnu11;
				GCC_NO_COMMON_BLOCKS = YES;
				GCC_WARN_64_TO_32_BIT_CONVERSION = YES;
				GCC_WARN_ABOUT_RETURN_TYPE = YES_ERROR;
				GCC_WARN_UNDECLARED_SELECTOR = YES;
				GCC_WARN_UNINITIALIZED_AUTOS = YES_AGGRESSIVE;
				GCC_WARN_UNUSED_FUNCTION = YES;
				GCC_WARN_UNUSED_VARIABLE = YES;
				IPHONEOS_DEPLOYMENT_TARGET = 15.0;
				MTL_ENABLE_DEBUG_INFO = NO;
				MTL_FAST_MATH = YES;
				SDKROOT = iphoneos;
				SWIFT_COMPILATION_MODE = wholemodule;
				SWIFT_OPTIMIZATION_LEVEL = "-O";
				VALIDATE_PRODUCT = YES;
			};
			name = Release;
		};
		C83BEDF62798503200370AC7 /* Debug */ = {
			isa = XCBuildConfiguration;
			buildSettings = {
				ASSETCATALOG_COMPILER_APPICON_NAME = AppIcon;
				ASSETCATALOG_COMPILER_GLOBAL_ACCENT_COLOR_NAME = AccentColor;
				CODE_SIGN_STYLE = Automatic;
				CURRENT_PROJECT_VERSION = 1;
				GENERATE_INFOPLIST_FILE = YES;
				INFOPLIST_FILE = "Event's/Info.plist";
				INFOPLIST_KEY_UIApplicationSupportsIndirectInputEvents = YES;
				INFOPLIST_KEY_UILaunchStoryboardName = LaunchScreen;
				INFOPLIST_KEY_UIMainStoryboardFile = Main;
				INFOPLIST_KEY_UISupportedInterfaceOrientations_iPad = "UIInterfaceOrientationPortrait UIInterfaceOrientationPortraitUpsideDown UIInterfaceOrientationLandscapeLeft UIInterfaceOrientationLandscapeRight";
				INFOPLIST_KEY_UISupportedInterfaceOrientations_iPhone = "UIInterfaceOrientationPortrait UIInterfaceOrientationLandscapeLeft UIInterfaceOrientationLandscapeRight";
				INFOPLIST_KEY_UISupportsDocumentBrowser = YES;
				LD_RUNPATH_SEARCH_PATHS = (
					"$(inherited)",
					"@executable_path/Frameworks",
				);
				MARKETING_VERSION = 1.0;
				PRODUCT_BUNDLE_IDENTIFIER = "com.david.dasilva.Event-s";
				PRODUCT_NAME = "$(TARGET_NAME)";
				SWIFT_EMIT_LOC_STRINGS = YES;
				SWIFT_VERSION = 5.0;
				TARGETED_DEVICE_FAMILY = "1,2";
			};
			name = Debug;
		};
		C83BEDF72798503200370AC7 /* Release */ = {
			isa = XCBuildConfiguration;
			buildSettings = {
				ASSETCATALOG_COMPILER_APPICON_NAME = AppIcon;
				ASSETCATALOG_COMPILER_GLOBAL_ACCENT_COLOR_NAME = AccentColor;
				CODE_SIGN_STYLE = Automatic;
				CURRENT_PROJECT_VERSION = 1;
				GENERATE_INFOPLIST_FILE = YES;
				INFOPLIST_FILE = "Event's/Info.plist";
				INFOPLIST_KEY_UIApplicationSupportsIndirectInputEvents = YES;
				INFOPLIST_KEY_UILaunchStoryboardName = LaunchScreen;
				INFOPLIST_KEY_UIMainStoryboardFile = Main;
				INFOPLIST_KEY_UISupportedInterfaceOrientations_iPad = "UIInterfaceOrientationPortrait UIInterfaceOrientationPortraitUpsideDown UIInterfaceOrientationLandscapeLeft UIInterfaceOrientationLandscapeRight";
				INFOPLIST_KEY_UISupportedInterfaceOrientations_iPhone = "UIInterfaceOrientationPortrait UIInterfaceOrientationLandscapeLeft UIInterfaceOrientationLandscapeRight";
				INFOPLIST_KEY_UISupportsDocumentBrowser = YES;
				LD_RUNPATH_SEARCH_PATHS = (
					"$(inherited)",
					"@executable_path/Frameworks",
				);
				MARKETING_VERSION = 1.0;
				PRODUCT_BUNDLE_IDENTIFIER = "com.david.dasilva.Event-s";
				PRODUCT_NAME = "$(TARGET_NAME)";
				SWIFT_EMIT_LOC_STRINGS = YES;
				SWIFT_VERSION = 5.0;
				TARGETED_DEVICE_FAMILY = "1,2";
			};
			name = Release;
		};
/* End XCBuildConfiguration section */

/* Begin XCConfigurationList section */
		C83BEDDA2798502F00370AC7 /* Build configuration list for PBXProject "Event's" */ = {
			isa = XCConfigurationList;
			buildConfigurations = (
				C83BEDF32798503200370AC7 /* Debug */,
				C83BEDF42798503200370AC7 /* Release */,
			);
			defaultConfigurationIsVisible = 0;
			defaultConfigurationName = Release;
		};
		C83BEDF52798503200370AC7 /* Build configuration list for PBXNativeTarget "Event's" */ = {
			isa = XCConfigurationList;
			buildConfigurations = (
				C83BEDF62798503200370AC7 /* Debug */,
				C83BEDF72798503200370AC7 /* Release */,
			);
			defaultConfigurationIsVisible = 0;
			defaultConfigurationName = Release;
		};
/* End XCConfigurationList section */
	};
	rootObject = C83BEDD72798502F00370AC7 /* Project object */;
}
